{
  "name": "pi-extensions",
  "version": "1.0.0",
  "lockfileVersion": 3,
  "requires": true,
  "packages": {
    "": {
      "name": "pi-extensions",
      "version": "1.0.0",
      "dependencies": {
        "@opentelemetry/api": "1.9.1",
        "@opentelemetry/core": "2.12.0",
        "@opentelemetry/otlp-transformer": "0.223.0",
        "@opentelemetry/resources": "2.12.0",
        "@opentelemetry/sdk-trace-base": "2.12.0",
        "pi-coding-agent-catppuccin": "github:otahontas/pi-coding-agent-catppuccin"
      }
    },
    "node_modules/@opentelemetry/api": {
      "version": "1.9.1",
      "resolved": "https://registry.npmjs.org/@opentelemetry/api/-/api-1.9.1.tgz",
      "integrity": "sha512-gLyJlPHPZYdAk1JENA9LeHejZe1Ti77/pTeFm/nMXmQH/HFZlcS/O2XJB+L8fkbrNSqhdtlvjBVjxwUYanNH5Q==",
      "license": "Apache-2.0",
      "engines": {
        "node": ">=8.0.0"
      }
    },
    "node_modules/@opentelemetry/api-logs": {
      "version": "0.223.0",
      "resolved": "https://registry.npmjs.org/@opentelemetry/api-logs/-/api-logs-0.223.0.tgz",
      "integrity": "sha512-Oepm6etVPFCn0VWB1t833iOTgz1eYBDUPxcrOR/XvwzD1+Ag9VzSPSrrKAFNJ/haatj+8CXbG47pZXvdNQKDJw==",
      "license": "Apache-2.0",
      "dependencies": {
        "@opentelemetry/api": "^1.3.0"
      },
      "engines": {
        "node": ">=8.0.0"
      }
    },
    "node_modules/@opentelemetry/core": {
      "version": "2.12.0",
      "resolved": "https://registry.npmjs.org/@opentelemetry/core/-/core-2.12.0.tgz",
      "integrity": "sha512-1HsSAuvT4/my0QrXWsyXFdWjKaPeCHsismKZgEEIb8NK13LP6DrMRlsUbvD/0F9mDWK3xDom9AMv3IscxgOnOQ==",
      "license": "Apache-2.0",
      "dependencies": {
        "@opentelemetry/semantic-conventions": "^1.29.0"
      },
      "engines": {
        "node": "^18.19.0 || >=20.6.0"
      },
      "peerDependencies": {
        "@opentelemetry/api": ">=1.0.0 <1.10.0"
      }
    },
    "node_modules/@opentelemetry/otlp-transformer": {
      "version": "0.223.0",
      "resolved": "https://registry.npmjs.org/@opentelemetry/otlp-transformer/-/otlp-transformer-0.223.0.tgz",
      "integrity": "sha512-oxmmPL5/MbSsO8K588V9n/XLIe7FZTK30Fo+/U/lAnt0ZIK/hoPM03n2WpSTZVbUBGTUE7aLyxnAzh7nE2PD4Q==",
      "license": "Apache-2.0",
      "dependencies": {
        "@opentelemetry/api-logs": "0.223.0",
        "@opentelemetry/core": "2.12.0",
        "@opentelemetry/resources": "2.12.0",
        "@opentelemetry/sdk-logs": "0.223.0",
        "@opentelemetry/sdk-metrics": "2.12.0",
        "@opentelemetry/sdk-trace": "2.12.0"
      },
      "engines": {
        "node": "^18.19.0 || >=20.6.0"
      },
      "peerDependencies": {
        "@opentelemetry/api": "^1.3.0"
      }
    },
    "node_modules/@opentelemetry/resources": {
      "version": "2.12.0",
      "resolved": "https://registry.npmjs.org/@opentelemetry/resources/-/resources-2.12.0.tgz",
      "integrity": "sha512-+rSRoOdln6NhXTVcBdHSlZxJDNzwxadeweK2ltZO3tVtfp6aklABc06xclDk6ovRR+EiGgIcSbh/6NgjFhnb3A==",
      "license": "Apache-2.0",
      "dependencies": {
        "@opentelemetry/core": "2.12.0",
        "@opentelemetry/semantic-conventions": "^1.29.0"
      },
      "engines": {
        "node": "^18.19.0 || >=20.6.0"
      },
      "peerDependencies": {
        "@opentelemetry/api": ">=1.3.0 <1.10.0"
      }
    },
    "node_modules/@opentelemetry/sdk-logs": {
      "version": "0.223.0",
      "resolved": "https://registry.npmjs.org/@opentelemetry/sdk-logs/-/sdk-logs-0.223.0.tgz",
      "integrity": "sha512-ApiAfUiUh6fmJt1GbsBuoeDn8D8IL42UvGyPUr8o1Z89ZeIiOCE1rZ78KkIUjEX3OV8Oorl9ez5Qjo43ZynDyw==",
      "license": "Apache-2.0",
      "dependencies": {
        "@opentelemetry/api-logs": "0.223.0",
        "@opentelemetry/core": "2.12.0",
        "@opentelemetry/resources": "2.12.0",
        "@opentelemetry/semantic-conventions": "^1.29.0"
      },
      "engines": {
        "node": "^18.19.0 || >=20.6.0"
      },
      "peerDependencies": {
        "@opentelemetry/api": ">=1.4.0 <1.10.0"
      }
    },
    "node_modules/@opentelemetry/sdk-metrics": {
      "version": "2.12.0",
      "resolved": "https://registry.npmjs.org/@opentelemetry/sdk-metrics/-/sdk-metrics-2.12.0.tgz",
      "integrity": "sha512-mVMaEHwCUJuY3S4Esn+nT0yQA3qCEGh+SOPJsXygU0Gl453WcsDNjtEa8EfdewMwoLyr1tlofB4fXytVpiXuow==",
      "license": "Apache-2.0",
      "dependencies": {
        "@opentelemetry/core": "2.12.0",
        "@opentelemetry/resources": "2.12.0"
      },
      "engines": {
        "node": "^18.19.0 || >=20.6.0"
      },
      "peerDependencies": {
        "@opentelemetry/api": ">=1.9.0 <1.10.0"
      }
    },
    "node_modules/@opentelemetry/sdk-trace": {
      "version": "2.12.0",
      "resolved": "https://registry.npmjs.org/@opentelemetry/sdk-trace/-/sdk-trace-2.12.0.tgz",
      "integrity": "sha512-ImVuRQ6faOsTi1Wna88s2avgrrf/iDgXPigIeynkUhjstMuoQUDOJXgkez2j1mlU4btjXcXBGa+q7qKFYR3GsA==",
      "license": "Apache-2.0",
      "dependencies": {
        "@opentelemetry/core": "2.12.0",
        "@opentelemetry/resources": "2.12.0",
        "@opentelemetry/semantic-conventions": "^1.29.0"
      },
      "engines": {
        "node": "^18.19.0 || >=20.6.0"
      },
      "peerDependencies": {
        "@opentelemetry/api": ">=1.3.0 <1.10.0"
      }
    },
    "node_modules/@opentelemetry/sdk-trace-base": {
      "version": "2.12.0",
      "resolved": "https://registry.npmjs.org/@opentelemetry/sdk-trace-base/-/sdk-trace-base-2.12.0.tgz",
      "integrity": "sha512-JOERgZCxRM06FEJ5kEWxlSRChah6MmXDx3KwCruqEv/iEyLkTokCSemf2y1w8oIHtfrr8EVTpzebq/31vn2Cpg==",
      "license": "Apache-2.0",
      "dependencies": {
        "@opentelemetry/core": "2.12.0",
        "@opentelemetry/resources": "2.12.0",
        "@opentelemetry/sdk-trace": "2.12.0",
        "@opentelemetry/semantic-conventions": "^1.29.0"
      },
      "engines": {
        "node": "^18.19.0 || >=20.6.0"
      },
      "peerDependencies": {
        "@opentelemetry/api": ">=1.3.0 <1.10.0"
      }
    },
    "node_modules/@opentelemetry/semantic-conventions": {
      "version": "1.43.0",
      "resolved": "https://registry.npmjs.org/@opentelemetry/semantic-conventions/-/semantic-conventions-1.43.0.tgz",
      "integrity": "sha512-eSYWTm620tTk45EKSedaUL8MFYI8hW164hIXsgIHyxu3VobUB3fFCu5t0hQby6OoWRPsG1KkKUG2M5UadiLiVg==",
      "license": "Apache-2.0",
      "engines": {
        "node": ">=14"
      }
    },
    "node_modules/@tiny-fish/sdk": {
      "version": "0.0.8",
      "resolved": "https://registry.npmjs.org/@tiny-fish/sdk/-/sdk-0.0.8.tgz",
      "integrity": "sha512-GTIpIDcwYuCbtd1xcgf0JD81wbPWGY0mxiab9VepT1allNUfVvjWCKT1n8RypsrzXne39j5Ez3ILDBE4ZwlApQ==",
      "dependencies": {
        "p-retry": "^7.1.1",
        "zod": "^4.3.6"
      },
      "engines": {
        "node": ">=18"
      }
    },
    "node_modules/@tiny-fish/sdk/node_modules/p-retry": {
      "version": "7.1.1",
      "resolved": "https://registry.npmjs.org/p-retry/-/p-retry-7.1.1.tgz",
      "integrity": "sha512-J5ApzjyRkkf601HpEeykoiCvzHQjWxPAHhyjFcEUP2SWq0+35NKh8TLhpLw+Dkq5TZBFvUM6UigdE9hIVYTl5w==",
      "license": "MIT",
      "dependencies": {
        "is-network-error": "^1.1.0"
      },
      "engines": {
        "node": ">=20"
      },
      "funding": {
        "url": "https://github.com/sponsors/sindresorhus"
      }
    },
    "node_modules/is-network-error": {
      "version": "1.3.2",
      "resolved": "https://registry.npmjs.org/is-network-error/-/is-network-error-1.3.2.tgz",
      "integrity": "sha512-PhBY86zaxNZUuWP6h13Vu5oFe0XY6/UlKzQnYFELzGVHygP3MxmvTfYSG7GN3aIab/iWudSMgjSnG9Dq+nHrgA==",
      "license": "MIT",
      "engines": {
        "node": ">=16"
      },
      "funding": {
        "url": "https://github.com/sponsors/sindresorhus"
      }
    },
    "node_modules/pi-coding-agent-catppuccin": {
      "version": "1.0.0",
      "resolved": "git+ssh://git@github.com/otahontas/pi-coding-agent-catppuccin.git#0a415dacee3e1ba2971d8576a9d49201ca401a30",
      "license": "MIT"
    },
    "node_modules/zod": {
      "version": "4.3.6",
      "resolved": "https://registry.npmjs.org/zod/-/zod-4.3.6.tgz",
      "integrity": "sha512-rftlrkhHZOcjDwkGlnUtZZkvaPHCsDATp4pGpuOOMDaTdDDXF91wuVDJoWoPsKX/3YPQ5fHuF3STjcYyKr+Qhg==",
      "funding": {
        "url": "https://github.com/sponsors/colinhacks"
      }
    }
  }
}
